<Solution>
  <Folder Name="/src/">
    <Project Path="src/Pos.Api/Pos.Api.csproj" />
    <Project Path="src/Pos.Application/Pos.Application.csproj" />
    <Project Path="src/Pos.Domain/Pos.Domain.csproj" />
    <Project Path="src/Pos.Infrastructure/Pos.Infrastructure.csproj" />
  </Folder>
  <Folder Name="/tests/">
    <Project Path="tests/Pos.IntegrationTests/Pos.IntegrationTests.csproj" />
    <Project Path="tests/Pos.UnitTests/Pos.UnitTests.csproj" />
  </Folder>
</Solution>
